
Microsoft Visual Studio Solution File, Format Version 12.00
# Visual Studio Version 16
VisualStudioVersion = 16.0.29123.88
MinimumVisualStudioVersion = 10.0.40219.1
Project("{FAE04EC0-301F-11D3-BF4B-00C04F79EFBC}") = "control_acce", "control_acce\control_acce.csproj", "{1046721C-D809-416E-9F89-49986F8C75A0}"
EndProject
Project("{FAE04EC0-301F-11D3-BF4B-00C04F79EFBC}") = "testcontrolacc", "testcontrolacc\testcontrolacc.csproj", "{27720D18-2FD7-4D5E-9E43-F80C73861D17}"
EndProject
Global
	GlobalSection(SolutionConfigurationPlatforms) = preSolution
		Debug|Any CPU = Debug|Any CPU
		Release|Any CPU = Release|Any CPU
	EndGlobalSection
	GlobalSection(ProjectConfigurationPlatforms) = postSolution
		{1046721C-D809-416E-9F89-49986F8C75A0}.Debug|Any CPU.ActiveCfg = Debug|Any CPU
		{1046721C-D809-416E-9F89-49986F8C75A0}.Debug|Any CPU.Build.0 = Debug|Any CPU
		{1046721C-D809-416E-9F89-49986F8C75A0}.Release|Any CPU.ActiveCfg = Release|Any CPU
		{1046721C-D809-416E-9F89-49986F8C75A0}.Release|Any CPU.Build.0 = Release|Any CPU
		{27720D18-2FD7-4D5E-9E43-F80C73861D17}.Debug|Any CPU.ActiveCfg = Debug|Any CPU
		{27720D18-2FD7-4D5E-9E43-F80C73861D17}.Debug|Any CPU.Build.0 = Debug|Any CPU
		{27720D18-2FD7-4D5E-9E43-F80C73861D17}.Release|Any CPU.ActiveCfg = Release|Any CPU
		{27720D18-2FD7-4D5E-9E43-F80C73861D17}.Release|Any CPU.Build.0 = Release|Any CPU
	EndGlobalSection
	GlobalSection(SolutionProperties) = preSolution
		HideSolutionNode = FALSE
	EndGlobalSection
	GlobalSection(ExtensibilityGlobals) = postSolution
		SolutionGuid = {10BF6820-9384-4FF8-BE5D-8C576F26FE31}
	EndGlobalSection
EndGlobal
